
Microsoft Visual Studio Solution File, Format Version 12.00
Project("{FAE04EC0-301F-11D3-BF4B-00C04F79EFBC}") = "InventoryStockWatch", "InventoryStockWatch\InventoryStockWatch.csproj", "{E92939A9-6239-4EC3-962E-E62E19E7D8E5}"
EndProject
Project("{FAE04EC0-301F-11D3-BF4B-00C04F79EFBC}") = "InventoryStockWatch.Core", "InventoryStockWatch.Core\InventoryStockWatch.Core.csproj", "{48790E46-4520-4E31-B8FD-65043442A045}"
EndProject
Global
	GlobalSection(SolutionConfigurationPlatforms) = preSolution
		Debug|Any CPU = Debug|Any CPU
		Release|Any CPU = Release|Any CPU
	EndGlobalSection
	GlobalSection(ProjectConfigurationPlatforms) = postSolution
		{E92939A9-6239-4EC3-962E-E62E19E7D8E5}.Debug|Any CPU.ActiveCfg = Debug|Any CPU
		{E92939A9-6239-4EC3-962E-E62E19E7D8E5}.Debug|Any CPU.Build.0 = Debug|Any CPU
		{E92939A9-6239-4EC3-962E-E62E19E7D8E5}.Release|Any CPU.ActiveCfg = Release|Any CPU
		{E92939A9-6239-4EC3-962E-E62E19E7D8E5}.Release|Any CPU.Build.0 = Release|Any CPU
		{48790E46-4520-4E31-B8FD-65043442A045}.Debug|Any CPU.ActiveCfg = Debug|Any CPU
		{48790E46-4520-4E31-B8FD-65043442A045}.Debug|Any CPU.Build.0 = Debug|Any CPU
		{48790E46-4520-4E31-B8FD-65043442A045}.Release|Any CPU.ActiveCfg = Release|Any CPU
		{48790E46-4520-4E31-B8FD-65043442A045}.Release|Any CPU.Build.0 = Release|Any CPU
	EndGlobalSection
EndGlobal
